
Microsoft Visual Studio Solution File, Format Version 12.00
# Visual Studio Version 17
VisualStudioVersion = 17.13.35919.96 d17.13
MinimumVisualStudioVersion = 10.0.40219.1
Project("{FAE04EC0-301F-11D3-BF4B-00C04F79EFBC}") = "CLDV6212-ST10444972-POE", "CLDV6212-ST10444972-POE\CLDV6212-ST10444972-POE.csproj", "{35F888D3-4476-4E34-ACA7-ED5A6FBF67A2}"
EndProject
Global
	GlobalSection(SolutionConfigurationPlatforms) = preSolution
		Debug|Any CPU = Debug|Any CPU
		Release|Any CPU = Release|Any CPU
	EndGlobalSection
	GlobalSection(ProjectConfigurationPlatforms) = postSolution
		{35F888D3-4476-4E34-ACA7-ED5A6FBF67A2}.Debug|Any CPU.ActiveCfg = Debug|Any CPU
		{35F888D3-4476-4E34-ACA7-ED5A6FBF67A2}.Debug|Any CPU.Build.0 = Debug|Any CPU
		{35F888D3-4476-4E34-ACA7-ED5A6FBF67A2}.Release|Any CPU.ActiveCfg = Release|Any CPU
		{35F888D3-4476-4E34-ACA7-ED5A6FBF67A2}.Release|Any CPU.Build.0 = Release|Any CPU
	EndGlobalSection
	GlobalSection(SolutionProperties) = preSolution
		HideSolutionNode = FALSE
	EndGlobalSection
	GlobalSection(ExtensibilityGlobals) = postSolution
		SolutionGuid = {E5803A45-FE1B-41F4-83A9-8E91CAEC2651}
	EndGlobalSection
EndGlobal
